
Microsoft Visual Studio Solution File, Format Version 12.00
# Visual Studio Version 17
VisualStudioVersion = 17.9.34714.143
MinimumVisualStudioVersion = 10.0.40219.1
Project("{FAE04EC0-301F-11D3-BF4B-00C04F79EFBC}") = "Tic-tac-toe", "Tic-tac-toe\Tic-tac-toe.csproj", "{B0350A6D-AA1D-4052-A3B3-A267C08C0384}"
EndProject
Global
	GlobalSection(SolutionConfigurationPlatforms) = preSolution
		Debug|Any CPU = Debug|Any CPU
		Release|Any CPU = Release|Any CPU
	EndGlobalSection
	GlobalSection(ProjectConfigurationPlatforms) = postSolution
		{B0350A6D-AA1D-4052-A3B3-A267C08C0384}.Debug|Any CPU.ActiveCfg = Debug|Any CPU
		{B0350A6D-AA1D-4052-A3B3-A267C08C0384}.Debug|Any CPU.Build.0 = Debug|Any CPU
		{B0350A6D-AA1D-4052-A3B3-A267C08C0384}.Release|Any CPU.ActiveCfg = Release|Any CPU
		{B0350A6D-AA1D-4052-A3B3-A267C08C0384}.Release|Any CPU.Build.0 = Release|Any CPU
	EndGlobalSection
	GlobalSection(SolutionProperties) = preSolution
		HideSolutionNode = FALSE
	EndGlobalSection
	GlobalSection(ExtensibilityGlobals) = postSolution
		SolutionGuid = {1781B46C-5D7E-4F01-A22F-6E9210B238AF}
	EndGlobalSection
EndGlobal
